
Microsoft Visual Studio Solution File, Format Version 12.00
# Visual Studio Version 17
VisualStudioVersion = 17.7.34031.279
MinimumVisualStudioVersion = 10.0.40219.1
Project("{FAE04EC0-301F-11D3-BF4B-00C04F79EFBC}") = "Arreglos C##", "Arreglos C##\Arreglos C##.csproj", "{832B6C48-3416-4CAD-B279-D1F442F7E4D7}"
EndProject
Global
	GlobalSection(SolutionConfigurationPlatforms) = preSolution
		Debug|Any CPU = Debug|Any CPU
		Release|Any CPU = Release|Any CPU
	EndGlobalSection
	GlobalSection(ProjectConfigurationPlatforms) = postSolution
		{832B6C48-3416-4CAD-B279-D1F442F7E4D7}.Debug|Any CPU.ActiveCfg = Debug|Any CPU
		{832B6C48-3416-4CAD-B279-D1F442F7E4D7}.Debug|Any CPU.Build.0 = Debug|Any CPU
		{832B6C48-3416-4CAD-B279-D1F442F7E4D7}.Release|Any CPU.ActiveCfg = Release|Any CPU
		{832B6C48-3416-4CAD-B279-D1F442F7E4D7}.Release|Any CPU.Build.0 = Release|Any CPU
	EndGlobalSection
	GlobalSection(SolutionProperties) = preSolution
		HideSolutionNode = FALSE
	EndGlobalSection
	GlobalSection(ExtensibilityGlobals) = postSolution
		SolutionGuid = {7C59F04F-E066-4C08-96A8-02859ADE9098}
	EndGlobalSection
EndGlobal
